
Microsoft Visual Studio Solution File, Format Version 12.00
# Visual Studio 15
VisualStudioVersion = 15.0.28307.572
MinimumVisualStudioVersion = 10.0.40219.1
Project("{FAE04EC0-301F-11D3-BF4B-00C04F79EFBC}") = "ECSS-E-TM-10-25A-Annex-B-Validator", "ECSS-E-TM-10-25A-Annex-B-Validator\ECSS-E-TM-10-25A-Annex-B-Validator.csproj", "{DB879B99-BB7D-4B85-BBB0-7DD272F74851}"
EndProject
Project("{FAE04EC0-301F-11D3-BF4B-00C04F79EFBC}") = "ECSS-E-TM-10-25A-Annex-B-Validator.Tests", "ECSS-E-TM-10-25A-Annex-B-Validator.Tests\ECSS-E-TM-10-25A-Annex-B-Validator.Tests.csproj", "{197AFC83-69EE-4F32-A0CA-EED4FF872E56}"
EndProject
Global
	GlobalSection(SolutionConfigurationPlatforms) = preSolution
		Debug|Any CPU = Debug|Any CPU
		Release|Any CPU = Release|Any CPU
	EndGlobalSection
	GlobalSection(ProjectConfigurationPlatforms) = postSolution
		{DB879B99-BB7D-4B85-BBB0-7DD272F74851}.Debug|Any CPU.ActiveCfg = Debug|Any CPU
		{DB879B99-BB7D-4B85-BBB0-7DD272F74851}.Debug|Any CPU.Build.0 = Debug|Any CPU
		{DB879B99-BB7D-4B85-BBB0-7DD272F74851}.Release|Any CPU.ActiveCfg = Release|Any CPU
		{DB879B99-BB7D-4B85-BBB0-7DD272F74851}.Release|Any CPU.Build.0 = Release|Any CPU
		{197AFC83-69EE-4F32-A0CA-EED4FF872E56}.Debug|Any CPU.ActiveCfg = Debug|Any CPU
		{197AFC83-69EE-4F32-A0CA-EED4FF872E56}.Debug|Any CPU.Build.0 = Debug|Any CPU
		{197AFC83-69EE-4F32-A0CA-EED4FF872E56}.Release|Any CPU.ActiveCfg = Release|Any CPU
		{197AFC83-69EE-4F32-A0CA-EED4FF872E56}.Release|Any CPU.Build.0 = Release|Any CPU
	EndGlobalSection
	GlobalSection(SolutionProperties) = preSolution
		HideSolutionNode = FALSE
	EndGlobalSection
	GlobalSection(ExtensibilityGlobals) = postSolution
		SolutionGuid = {4519963D-0D2A-4224-B55F-9AAEA1B823DB}
	EndGlobalSection
EndGlobal
